// !$*UTF8*$!
{
	archiveVersion = 1;
	classes = {
	};
	objectVersion = 90;
	objects = {

/* Begin PBXBuildFile section */
		04E055422EEA794C00F90A44 /* AVFoundation.framework in Frameworks */ = {isa = PBXBuildFile; fileRef = 04E055412EEA794C00F90A44 /* AVFoundation.framework */; };
		04E055442EEA795200F90A44 /* CoreMedia.framework in Frameworks */ = {isa = PBXBuildFile; fileRef = 04E055432EEA795200F90A44 /* CoreMedia.framework */; };
		04E055462EEA795900F90A44 /* CoreVideo.framework in Frameworks */ = {isa = PBXBuildFile; fileRef = 04E055452EEA795900F90A44 /* CoreVideo.framework */; };
		04E055482EEA795F00F90A44 /* CoreGraphics.framework in Frameworks */ = {isa = PBXBuildFile; fileRef = 04E055472EEA795F00F90A44 /* CoreGraphics.framework */; };
		04E055F12EEA8D5700F90A44 /* Cocoa.framework in Frameworks */ = {isa = PBXBuildFile; fileRef = 04E055E22EEA8CB600F90A44 /* Cocoa.framework */; };
		04E055F22EEA8D5C00F90A44 /* AVFoundation.framework in Frameworks */ = {isa = PBXBuildFile; fileRef = 04E055412EEA794C00F90A44 /* AVFoundation.framework */; settings = {ATTRIBUTES = (Weak, ); }; };
		04E055F32EEA8D6500F90A44 /* IOKit.framework in Frameworks */ = {isa = PBXBuildFile; fileRef = 04E055E02EEA8C2E00F90A44 /* IOKit.framework */; };
		04E055F42EEA8D6800F90A44 /* CoreGraphics.framework in Frameworks */ = {isa = PBXBuildFile; fileRef = 04E055472EEA795F00F90A44 /* CoreGraphics.framework */; };
		04E055F52EEA8D7100F90A44 /* QuartzCore.framework in Frameworks */ = {isa = PBXBuildFile; fileRef = 04E055DE2EEA8C2600F90A44 /* QuartzCore.framework */; };
		04E055F72EEA8DDA00F90A44 /* wallpaperdaemon in CopyFiles */ = {isa = PBXBuildFile; fileRef = 04E055E82EEA8D2C00F90A44 /* wallpaperdaemon */; settings = {ATTRIBUTES = (CodeSignOnCopy, ); }; };
		04E056FF2EEAB3EE00F90A44 /* LiveWallpaperApp.swift in Sources */ = {isa = PBXBuildFile; fileRef = 04E056672EEAB3EE00F90A44 /* LiveWallpaperApp.swift */; };
		04E0570B2EEAB3EE00F90A44 /* WallpaperEngine.mm in Sources */ = {isa = PBXBuildFile; fileRef = 04E056F02EEAB3EE00F90A44 /* WallpaperEngine.mm */; };
		04E057192EEAB3EE00F90A44 /* ContentView.swift in Sources */ = {isa = PBXBuildFile; fileRef = 04E0565F2EEAB3EE00F90A44 /* ContentView.swift */; };
		04E0571C2EEAB3EE00F90A44 /* SaveSystem.mm in Sources */ = {isa = PBXBuildFile; fileRef = 04E0566C2EEAB3EE00F90A44 /* SaveSystem.mm */; };
		04E057252EEAB3EE00F90A44 /* AppIcon.icon in Resources */ = {isa = PBXBuildFile; fileRef = 04E0565C2EEAB3EE00F90A44 /* AppIcon.icon */; };
		04E057382EEAB3EE00F90A44 /* Assets.xcassets in Resources */ = {isa = PBXBuildFile; fileRef = 04E0565D2EEAB3EE00F90A44 /* Assets.xcassets */; };
		04E057742EEAB43200F90A44 /* emitterstate.cpp in Sources */ = {isa = PBXBuildFile; fileRef = 04E0574A2EEAB43200F90A44 /* emitterstate.cpp */; };
		04E057752EEAB43200F90A44 /* nodebuilder.cpp in Sources */ = {isa = PBXBuildFile; fileRef = 04E057562EEAB43200F90A44 /* nodebuilder.cpp */; };
		04E057762EEAB43200F90A44 /* ostream_wrapper.cpp in Sources */ = {isa = PBXBuildFile; fileRef = 04E0575A2EEAB43200F90A44 /* ostream_wrapper.cpp */; };
		04E057772EEAB43200F90A44 /* nodeevents.cpp in Sources */ = {isa = PBXBuildFile; fileRef = 04E057582EEAB43200F90A44 /* nodeevents.cpp */; };
		04E057782EEAB43200F90A44 /* tag.cpp in Sources */ = {isa = PBXBuildFile; fileRef = 04E057712EEAB43200F90A44 /* tag.cpp */; };
		04E057792EEAB43200F90A44 /* scantoken.cpp in Sources */ = {isa = PBXBuildFile; fileRef = 04E057672EEAB43200F90A44 /* scantoken.cpp */; };
		04E0577A2EEAB43200F90A44 /* scanscalar.cpp in Sources */ = {isa = PBXBuildFile; fileRef = 04E057642EEAB43200F90A44 /* scanscalar.cpp */; };
		04E0577B2EEAB43200F90A44 /* scantag.cpp in Sources */ = {isa = PBXBuildFile; fileRef = 04E057662EEAB43200F90A44 /* scantag.cpp */; };
		04E0577C2EEAB43200F90A44 /* parse.cpp in Sources */ = {isa = PBXBuildFile; fileRef = 04E0575B2EEAB43200F90A44 /* parse.cpp */; };
		04E0577D2EEAB43200F90A44 /* binary.cpp in Sources */ = {isa = PBXBuildFile; fileRef = 04E057402EEAB43200F90A44 /* binary.cpp */; };
		04E0577E2EEAB43200F90A44 /* fptostring.cpp in Sources */ = {isa = PBXBuildFile; fileRef = 04E057502EEAB43200F90A44 /* fptostring.cpp */; };
		04E0577F2EEAB43200F90A44 /* parser.cpp in Sources */ = {isa = PBXBuildFile; fileRef = 04E0575C2EEAB43200F90A44 /* parser.cpp */; };
		04E057802EEAB43200F90A44 /* graphbuilder.cpp in Sources */ = {isa = PBXBuildFile; fileRef = 04E0573A2EEAB43200F90A44 /* graphbuilder.cpp */; };
		04E057812EEAB43200F90A44 /* emitter.cpp in Sources */ = {isa = PBXBuildFile; fileRef = 04E057482EEAB43200F90A44 /* emitter.cpp */; };
		04E057822EEAB43200F90A44 /* memory.cpp in Sources */ = {isa = PBXBuildFile; fileRef = 04E057522EEAB43200F90A44 /* memory.cpp */; };
		04E057832EEAB43200F90A44 /* regex_yaml.cpp in Sources */ = {isa = PBXBuildFile; fileRef = 04E0575F2EEAB43200F90A44 /* regex_yaml.cpp */; };
		04E057842EEAB43200F90A44 /* simplekey.cpp in Sources */ = {isa = PBXBuildFile; fileRef = 04E057692EEAB43200F90A44 /* simplekey.cpp */; };
		04E057852EEAB43200F90A44 /* emitfromevents.cpp in Sources */ = {isa = PBXBuildFile; fileRef = 04E057472EEAB43200F90A44 /* emitfromevents.cpp */; };
		04E057862EEAB43200F90A44 /* convert.cpp in Sources */ = {isa = PBXBuildFile; fileRef = 04E057422EEAB43200F90A44 /* convert.cpp */; };
		04E057872EEAB43200F90A44 /* emitterutils.cpp in Sources */ = {isa = PBXBuildFile; fileRef = 04E0574C2EEAB43200F90A44 /* emitterutils.cpp */; };
		04E057882EEAB43200F90A44 /* exceptions.cpp in Sources */ = {isa = PBXBuildFile; fileRef = 04E0574D2EEAB43200F90A44 /* exceptions.cpp */; };
		04E057892EEAB43200F90A44 /* depthguard.cpp in Sources */ = {isa = PBXBuildFile; fileRef = 04E057432EEAB43200F90A44 /* depthguard.cpp */; };
		04E0578A2EEAB43200F90A44 /* graphbuilderadapter.cpp in Sources */ = {isa = PBXBuildFile; fileRef = 04E0573C2EEAB43200F90A44 /* graphbuilderadapter.cpp */; };
		04E0578B2EEAB43200F90A44 /* node_data.cpp in Sources */ = {isa = PBXBuildFile; fileRef = 04E057542EEAB43200F90A44 /* node_data.cpp */; };
		04E0578C2EEAB43200F90A44 /* singledocparser.cpp in Sources */ = {isa = PBXBuildFile; fileRef = 04E0576B2EEAB43200F90A44 /* singledocparser.cpp */; };
		04E0578D2EEAB43200F90A44 /* stream.cpp in Sources */ = {isa = PBXBuildFile; fileRef = 04E0576D2EEAB43200F90A44 /* stream.cpp */; };
		04E0578E2EEAB43200F90A44 /* node.cpp in Sources */ = {isa = PBXBuildFile; fileRef = 04E057532EEAB43200F90A44 /* node.cpp */; };
		04E0578F2EEAB43200F90A44 /* exp.cpp in Sources */ = {isa = PBXBuildFile; fileRef = 04E0574F2EEAB43200F90A44 /* exp.cpp */; };
		04E057902EEAB43200F90A44 /* emit.cpp in Sources */ = {isa = PBXBuildFile; fileRef = 04E057462EEAB43200F90A44 /* emit.cpp */; };
		04E057912EEAB43200F90A44 /* null.cpp in Sources */ = {isa = PBXBuildFile; fileRef = 04E057592EEAB43200F90A44 /* null.cpp */; };
		04E057922EEAB43200F90A44 /* scanner.cpp in Sources */ = {isa = PBXBuildFile; fileRef = 04E057622EEAB43200F90A44 /* scanner.cpp */; };
		04E057932EEAB43200F90A44 /* directives.cpp in Sources */ = {isa = PBXBuildFile; fileRef = 04E057452EEAB43200F90A44 /* directives.cpp */; };
		04E057942EEAB43200F90A44 /* yaml-cpp.natvis.md in Resources */ = {isa = PBXBuildFile; fileRef = 04E0573E2EEAB43200F90A44 /* yaml-cpp.natvis.md */; };
		04E057952EEAB43200F90A44 /* yaml-cpp.natvis in Resources */ = {isa = PBXBuildFile; fileRef = 04E0573D2EEAB43200F90A44 /* yaml-cpp.natvis */; };
		04F816E02EEBE3FB00CFB473 /* DisplayObjc.mm in Sources */ = {isa = PBXBuildFile; fileRef = 04F816DF2EEBE3FB00CFB473 /* DisplayObjc.mm */; };
/* End PBXBuildFile section */

/* Begin PBXCopyFilesBuildPhase section */
		04E055E62EEA8D2C00F90A44 /* CopyFiles */ = {
			isa = PBXCopyFilesBuildPhase;
			dstPath = /usr/share/man/man1/;
			dstSubfolder = None;
			files = (
			);
			runOnlyForDeploymentPostprocessing = 1;
		};
		04E055F62EEA8DAA00F90A44 /* CopyFiles */ = {
			isa = PBXCopyFilesBuildPhase;
			dstPath = "";
			dstSubfolder = Executables;
			files = (
				04E055F72EEA8DDA00F90A44 /* wallpaperdaemon in CopyFiles */,
			);
		};
/* End PBXCopyFilesBuildPhase section */

/* Begin PBXFileReference section */
		04E0070A2EEA738C00F90A44 /* LiveWallpaper.app */ = {isa = PBXFileReference; explicitFileType = wrapper.application; includeInIndex = 0; path = LiveWallpaper.app; sourceTree = BUILT_PRODUCTS_DIR; };
		04E055412EEA794C00F90A44 /* AVFoundation.framework */ = {isa = PBXFileReference; lastKnownFileType = wrapper.framework; name = AVFoundation.framework; path = System/Library/Frameworks/AVFoundation.framework; sourceTree = SDKROOT; };
		04E055432EEA795200F90A44 /* CoreMedia.framework */ = {isa = PBXFileReference; lastKnownFileType = wrapper.framework; name = CoreMedia.framework; path = System/Library/Frameworks/CoreMedia.framework; sourceTree = SDKROOT; };
		04E055452EEA795900F90A44 /* CoreVideo.framework */ = {isa = PBXFileReference; lastKnownFileType = wrapper.framework; name = CoreVideo.framework; path = System/Library/Frameworks/CoreVideo.framework; sourceTree = SDKROOT; };
		04E055472EEA795F00F90A44 /* CoreGraphics.framework */ = {isa = PBXFileReference; lastKnownFileType = wrapper.framework; name = CoreGraphics.framework; path = System/Library/Frameworks/CoreGraphics.framework; sourceTree = SDKROOT; };
		04E055DE2EEA8C2600F90A44 /* QuartzCore.framework */ = {isa = PBXFileReference; lastKnownFileType = wrapper.framework; name = QuartzCore.framework; path = System/Library/Frameworks/QuartzCore.framework; sourceTree = SDKROOT; };
		04E055E02EEA8C2E00F90A44 /* IOKit.framework */ = {isa = PBXFileReference; lastKnownFileType = wrapper.framework; name = IOKit.framework; path = System/Library/Frameworks/IOKit.framework; sourceTree = SDKROOT; };
		04E055E22EEA8CB600F90A44 /* Cocoa.framework */ = {isa = PBXFileReference; lastKnownFileType = wrapper.framework; name = Cocoa.framework; path = System/Library/Frameworks/Cocoa.framework; sourceTree = SDKROOT; };
		04E055E82EEA8D2C00F90A44 /* wallpaperdaemon */ = {isa = PBXFileReference; explicitFileType = "compiled.mach-o.executable"; includeInIndex = 0; path = wallpaperdaemon; sourceTree = BUILT_PRODUCTS_DIR; };
		04E0565C2EEAB3EE00F90A44 /* AppIcon.icon */ = {isa = PBXFileReference; lastKnownFileType = folder.iconcomposer.icon; path = AppIcon.icon; sourceTree = SOURCE_ROOT; };
		04E0565D2EEAB3EE00F90A44 /* Assets.xcassets */ = {isa = PBXFileReference; lastKnownFileType = folder.assetcatalog; path = Assets.xcassets; sourceTree = SOURCE_ROOT; };
		04E0565F2EEAB3EE00F90A44 /* ContentView.swift */ = {isa = PBXFileReference; lastKnownFileType = sourcecode.swift; path = ContentView.swift; sourceTree = SOURCE_ROOT; };
		04E056612EEAB3EE00F90A44 /* DisplayManager.h */ = {isa = PBXFileReference; lastKnownFileType = sourcecode.c.h; path = DisplayManager.h; sourceTree = SOURCE_ROOT; };
		04E056662EEAB3EE00F90A44 /* LiveWallpaper-Bridging-Header.h */ = {isa = PBXFileReference; lastKnownFileType = sourcecode.c.h; path = "LiveWallpaper-Bridging-Header.h"; sourceTree = SOURCE_ROOT; };
		04E056672EEAB3EE00F90A44 /* LiveWallpaperApp.swift */ = {isa = PBXFileReference; lastKnownFileType = sourcecode.swift; path = LiveWallpaperApp.swift; sourceTree = SOURCE_ROOT; };
		04E0566B2EEAB3EE00F90A44 /* SaveSystem.h */ = {isa = PBXFileReference; lastKnownFileType = sourcecode.c.h; path = SaveSystem.h; sourceTree = SOURCE_ROOT; };
		04E0566C2EEAB3EE00F90A44 /* SaveSystem.mm */ = {isa = PBXFileReference; lastKnownFileType = sourcecode.cpp.objcpp; path = SaveSystem.mm; sourceTree = SOURCE_ROOT; };
		04E056EF2EEAB3EE00F90A44 /* WallpaperEngine.h */ = {isa = PBXFileReference; lastKnownFileType = sourcecode.c.h; path = WallpaperEngine.h; sourceTree = SOURCE_ROOT; };
		04E056F02EEAB3EE00F90A44 /* WallpaperEngine.mm */ = {isa = PBXFileReference; lastKnownFileType = sourcecode.cpp.objcpp; path = WallpaperEngine.mm; sourceTree = SOURCE_ROOT; };
		04E057392EEAB43200F90A44 /* dragonbox.h */ = {isa = PBXFileReference; lastKnownFileType = sourcecode.c.h; path = dragonbox.h; sourceTree = "<group>"; };
		04E0573A2EEAB43200F90A44 /* graphbuilder.cpp */ = {isa = PBXFileReference; lastKnownFileType = sourcecode.cpp.cpp; path = graphbuilder.cpp; sourceTree = "<group>"; };
		04E0573B2EEAB43200F90A44 /* graphbuilderadapter.h */ = {isa = PBXFileReference; lastKnownFileType = sourcecode.c.h; path = graphbuilderadapter.h; sourceTree = "<group>"; };
		04E0573C2EEAB43200F90A44 /* graphbuilderadapter.cpp */ = {isa = PBXFileReference; lastKnownFileType = sourcecode.cpp.cpp; path = graphbuilderadapter.cpp; sourceTree = "<group>"; };
		04E0573D2EEAB43200F90A44 /* yaml-cpp.natvis */ = {isa = PBXFileReference; lastKnownFileType = text.xml; path = "yaml-cpp.natvis"; sourceTree = "<group>"; };
		04E0573E2EEAB43200F90A44 /* yaml-cpp.natvis.md */ = {isa = PBXFileReference; lastKnownFileType = net.daringfireball.markdown; path = "yaml-cpp.natvis.md"; sourceTree = "<group>"; };
		04E057402EEAB43200F90A44 /* binary.cpp */ = {isa = PBXFileReference; lastKnownFileType = sourcecode.cpp.cpp; path = binary.cpp; sourceTree = "<group>"; };
		04E057412EEAB43200F90A44 /* collectionstack.h */ = {isa = PBXFileReference; lastKnownFileType = sourcecode.c.h; path = collectionstack.h; sourceTree = "<group>"; };
		04E057422EEAB43200F90A44 /* convert.cpp */ = {isa = PBXFileReference; lastKnownFileType = sourcecode.cpp.cpp; path = convert.cpp; sourceTree = "<group>"; };
		04E057432EEAB43200F90A44 /* depthguard.cpp */ = {isa = PBXFileReference; lastKnownFileType = sourcecode.cpp.cpp; path = depthguard.cpp; sourceTree = "<group>"; };
		04E057442EEAB43200F90A44 /* directives.h */ = {isa = PBXFileReference; lastKnownFileType = sourcecode.c.h; path = directives.h; sourceTree = "<group>"; };
		04E057452EEAB43200F90A44 /* directives.cpp */ = {isa = PBXFileReference; lastKnownFileType = sourcecode.cpp.cpp; path = directives.cpp; sourceTree = "<group>"; };
		04E057462EEAB43200F90A44 /* emit.cpp */ = {isa = PBXFileReference; lastKnownFileType = sourcecode.cpp.cpp; path = emit.cpp; sourceTree = "<group>"; };
		04E057472EEAB43200F90A44 /* emitfromevents.cpp */ = {isa = PBXFileReference; lastKnownFileType = sourcecode.cpp.cpp; path = emitfromevents.cpp; sourceTree = "<group>"; };
		04E057482EEAB43200F90A44 /* emitter.cpp */ = {isa = PBXFileReference; lastKnownFileType = sourcecode.cpp.cpp; path = emitter.cpp; sourceTree = "<group>"; };
		04E057492EEAB43200F90A44 /* emitterstate.h */ = {isa = PBXFileReference; lastKnownFileType = sourcecode.c.h; path = emitterstate.h; sourceTree = "<group>"; };
		04E0574A2EEAB43200F90A44 /* emitterstate.cpp */ = {isa = PBXFileReference; lastKnownFileType = sourcecode.cpp.cpp; path = emitterstate.cpp; sourceTree = "<group>"; };
		04E0574B2EEAB43200F90A44 /* emitterutils.h */ = {isa = PBXFileReference; lastKnownFileType = sourcecode.c.h; path = emitterutils.h; sourceTree = "<group>"; };
		04E0574C2EEAB43200F90A44 /* emitterutils.cpp */ = {isa = PBXFileReference; lastKnownFileType = sourcecode.cpp.cpp; path = emitterutils.cpp; sourceTree = "<group>"; };
		04E0574D2EEAB43200F90A44 /* exceptions.cpp */ = {isa = PBXFileReference; lastKnownFileType = sourcecode.cpp.cpp; path = exceptions.cpp; sourceTree = "<group>"; };
		04E0574E2EEAB43200F90A44 /* exp.h */ = {isa = PBXFileReference; lastKnownFileType = sourcecode.c.h; path = exp.h; sourceTree = "<group>"; };
		04E0574F2EEAB43200F90A44 /* exp.cpp */ = {isa = PBXFileReference; lastKnownFileType = sourcecode.cpp.cpp; path = exp.cpp; sourceTree = "<group>"; };
		04E057502EEAB43200F90A44 /* fptostring.cpp */ = {isa = PBXFileReference; lastKnownFileType = sourcecode.cpp.cpp; path = fptostring.cpp; sourceTree = "<group>"; };
		04E057512EEAB43200F90A44 /* indentation.h */ = {isa = PBXFileReference; lastKnownFileType = sourcecode.c.h; path = indentation.h; sourceTree = "<group>"; };
		04E057522EEAB43200F90A44 /* memory.cpp */ = {isa = PBXFileReference; lastKnownFileType = sourcecode.cpp.cpp; path = memory.cpp; sourceTree = "<group>"; };
		04E057532EEAB43200F90A44 /* node.cpp */ = {isa = PBXFileReference; lastKnownFileType = sourcecode.cpp.cpp; path = node.cpp; sourceTree = "<group>"; };
		04E057542EEAB43200F90A44 /* node_data.cpp */ = {isa = PBXFileReference; lastKnownFileType = sourcecode.cpp.cpp; path = node_data.cpp; sourceTree = "<group>"; };
		04E057552EEAB43200F90A44 /* nodebuilder.h */ = {isa = PBXFileReference; lastKnownFileType = sourcecode.c.h; path = nodebuilder.h; sourceTree = "<group>"; };
		04E057562EEAB43200F90A44 /* nodebuilder.cpp */ = {isa = PBXFileReference; lastKnownFileType = sourcecode.cpp.cpp; path = nodebuilder.cpp; sourceTree = "<group>"; };
		04E057572EEAB43200F90A44 /* nodeevents.h */ = {isa = PBXFileReference; lastKnownFileType = sourcecode.c.h; path = nodeevents.h; sourceTree = "<group>"; };
		04E057582EEAB43200F90A44 /* nodeevents.cpp */ = {isa = PBXFileReference; lastKnownFileType = sourcecode.cpp.cpp; path = nodeevents.cpp; sourceTree = "<group>"; };
		04E057592EEAB43200F90A44 /* null.cpp */ = {isa = PBXFileReference; lastKnownFileType = sourcecode.cpp.cpp; path = null.cpp; sourceTree = "<group>"; };
		04E0575A2EEAB43200F90A44 /* ostream_wrapper.cpp */ = {isa = PBXFileReference; lastKnownFileType = sourcecode.cpp.cpp; path = ostream_wrapper.cpp; sourceTree = "<group>"; };
		04E0575B2EEAB43200F90A44 /* parse.cpp */ = {isa = PBXFileReference; lastKnownFileType = sourcecode.cpp.cpp; path = parse.cpp; sourceTree = "<group>"; };
		04E0575C2EEAB43200F90A44 /* parser.cpp */ = {isa = PBXFileReference; lastKnownFileType = sourcecode.cpp.cpp; path = parser.cpp; sourceTree = "<group>"; };
		04E0575D2EEAB43200F90A44 /* ptr_vector.h */ = {isa = PBXFileReference; lastKnownFileType = sourcecode.c.h; path = ptr_vector.h; sourceTree = "<group>"; };
		04E0575E2EEAB43200F90A44 /* regex_yaml.h */ = {isa = PBXFileReference; lastKnownFileType = sourcecode.c.h; path = regex_yaml.h; sourceTree = "<group>"; };
		04E0575F2EEAB43200F90A44 /* regex_yaml.cpp */ = {isa = PBXFileReference; lastKnownFileType = sourcecode.cpp.cpp; path = regex_yaml.cpp; sourceTree = "<group>"; };
		04E057602EEAB43200F90A44 /* regeximpl.h */ = {isa = PBXFileReference; lastKnownFileType = sourcecode.c.h; path = regeximpl.h; sourceTree = "<group>"; };
		04E057612EEAB43200F90A44 /* scanner.h */ = {isa = PBXFileReference; lastKnownFileType = sourcecode.c.h; path = scanner.h; sourceTree = "<group>"; };
		04E057622EEAB43200F90A44 /* scanner.cpp */ = {isa = PBXFileReference; lastKnownFileType = sourcecode.cpp.cpp; path = scanner.cpp; sourceTree = "<group>"; };
		04E057632EEAB43200F90A44 /* scanscalar.h */ = {isa = PBXFileReference; lastKnownFileType = sourcecode.c.h; path = scanscalar.h; sourceTree = "<group>"; };
		04E057642EEAB43200F90A44 /* scanscalar.cpp */ = {isa = PBXFileReference; lastKnownFileType = sourcecode.cpp.cpp; path = scanscalar.cpp; sourceTree = "<group>"; };
		04E057652EEAB43200F90A44 /* scantag.h */ = {isa = PBXFileReference; lastKnownFileType = sourcecode.c.h; path = scantag.h; sourceTree = "<group>"; };
		04E057662EEAB43200F90A44 /* scantag.cpp */ = {isa = PBXFileReference; lastKnownFileType = sourcecode.cpp.cpp; path = scantag.cpp; sourceTree = "<group>"; };
		04E057672EEAB43200F90A44 /* scantoken.cpp */ = {isa = PBXFileReference; lastKnownFileType = sourcecode.cpp.cpp; path = scantoken.cpp; sourceTree = "<group>"; };
		04E057682EEAB43200F90A44 /* setting.h */ = {isa = PBXFileReference; lastKnownFileType = sourcecode.c.h; path = setting.h; sourceTree = "<group>"; };
		04E057692EEAB43200F90A44 /* simplekey.cpp */ = {isa = PBXFileReference; lastKnownFileType = sourcecode.cpp.cpp; path = simplekey.cpp; sourceTree = "<group>"; };
		04E0576A2EEAB43200F90A44 /* singledocparser.h */ = {isa = PBXFileReference; lastKnownFileType = sourcecode.c.h; path = singledocparser.h; sourceTree = "<group>"; };
		04E0576B2EEAB43200F90A44 /* singledocparser.cpp */ = {isa = PBXFileReference; lastKnownFileType = sourcecode.cpp.cpp; path = singledocparser.cpp; sourceTree = "<group>"; };
		04E0576C2EEAB43200F90A44 /* stream.h */ = {isa = PBXFileReference; lastKnownFileType = sourcecode.c.h; path = stream.h; sourceTree = "<group>"; };
		04E0576D2EEAB43200F90A44 /* stream.cpp */ = {isa = PBXFileReference; lastKnownFileType = sourcecode.cpp.cpp; path = stream.cpp; sourceTree = "<group>"; };
		04E0576E2EEAB43200F90A44 /* streamcharsource.h */ = {isa = PBXFileReference; lastKnownFileType = sourcecode.c.h; path = streamcharsource.h; sourceTree = "<group>"; };
		04E0576F2EEAB43200F90A44 /* stringsource.h */ = {isa = PBXFileReference; lastKnownFileType = sourcecode.c.h; path = stringsource.h; sourceTree = "<group>"; };
		04E057702EEAB43200F90A44 /* tag.h */ = {isa = PBXFileReference; lastKnownFileType = sourcecode.c.h; path = tag.h; sourceTree = "<group>"; };
		04E057712EEAB43200F90A44 /* tag.cpp */ = {isa = PBXFileReference; lastKnownFileType = sourcecode.cpp.cpp; path = tag.cpp; sourceTree = "<group>"; };
		04E057722EEAB43200F90A44 /* token.h */ = {isa = PBXFileReference; lastKnownFileType = sourcecode.c.h; path = token.h; sourceTree = "<group>"; };
		04E058172EEAB54E00F90A44 /* _config.yml */ = {isa = PBXFileReference; lastKnownFileType = text.yaml; path = _config.yml; sourceTree = "<group>"; };
		04E058182EEAB54E00F90A44 /* Breaking-Changes.md */ = {isa = PBXFileReference; lastKnownFileType = net.daringfireball.markdown; path = "Breaking-Changes.md"; sourceTree = "<group>"; };
		04E058192EEAB54E00F90A44 /* How-To-Emit-YAML.md */ = {isa = PBXFileReference; lastKnownFileType = net.daringfireball.markdown; path = "How-To-Emit-YAML.md"; sourceTree = "<group>"; };
		04E0581A2EEAB54E00F90A44 /* How-To-Parse-A-Document-(Old-API).md */ = {isa = PBXFileReference; lastKnownFileType = net.daringfireball.markdown; path = "How-To-Parse-A-Document-(Old-API).md"; sourceTree = "<group>"; };
		04E0581B2EEAB54E00F90A44 /* index.md */ = {isa = PBXFileReference; lastKnownFileType = net.daringfireball.markdown; path = index.md; sourceTree = "<group>"; };
		04E0581C2EEAB54E00F90A44 /* Strings.md */ = {isa = PBXFileReference; lastKnownFileType = net.daringfireball.markdown; path = Strings.md; sourceTree = "<group>"; };
		04E0581D2EEAB54E00F90A44 /* Tutorial.md */ = {isa = PBXFileReference; lastKnownFileType = net.daringfireball.markdown; path = Tutorial.md; sourceTree = "<group>"; };
		04E0581F2EEAB54E00F90A44 /* anchordict.h */ = {isa = PBXFileReference; lastKnownFileType = sourcecode.c.h; path = anchordict.h; sourceTree = "<group>"; };
		04E058202EEAB54E00F90A44 /* graphbuilder.h */ = {isa = PBXFileReference; lastKnownFileType = sourcecode.c.h; path = graphbuilder.h; sourceTree = "<group>"; };
		04E058222EEAB54E00F90A44 /* impl.h */ = {isa = PBXFileReference; lastKnownFileType = sourcecode.c.h; path = impl.h; sourceTree = "<group>"; };
		04E058232EEAB54E00F90A44 /* iterator.h */ = {isa = PBXFileReference; lastKnownFileType = sourcecode.c.h; path = iterator.h; sourceTree = "<group>"; };
		04E058242EEAB54E00F90A44 /* iterator_fwd.h */ = {isa = PBXFileReference; lastKnownFileType = sourcecode.c.h; path = iterator_fwd.h; sourceTree = "<group>"; };
		04E058252EEAB54E00F90A44 /* memory.h */ = {isa = PBXFileReference; lastKnownFileType = sourcecode.c.h; path = memory.h; sourceTree = "<group>"; };
		04E058262EEAB54E00F90A44 /* node.h */ = {isa = PBXFileReference; lastKnownFileType = sourcecode.c.h; path = node.h; sourceTree = "<group>"; };
		04E058272EEAB54E00F90A44 /* node_data.h */ = {isa = PBXFileReference; lastKnownFileType = sourcecode.c.h; path = node_data.h; sourceTree = "<group>"; };
		04E058282EEAB54E00F90A44 /* node_iterator.h */ = {isa = PBXFileReference; lastKnownFileType = sourcecode.c.h; path = node_iterator.h; sourceTree = "<group>"; };
		04E058292EEAB54E00F90A44 /* node_ref.h */ = {isa = PBXFileReference; lastKnownFileType = sourcecode.c.h; path = node_ref.h; sourceTree = "<group>"; };
		04E0582B2EEAB54E00F90A44 /* convert.h */ = {isa = PBXFileReference; lastKnownFileType = sourcecode.c.h; path = convert.h; sourceTree = "<group>"; };
		04E0582C2EEAB54E00F90A44 /* emit.h */ = {isa = PBXFileReference; lastKnownFileType = sourcecode.c.h; path = emit.h; sourceTree = "<group>"; };
		04E0582D2EEAB54E00F90A44 /* impl.h */ = {isa = PBXFileReference; lastKnownFileType = sourcecode.c.h; path = impl.h; sourceTree = "<group>"; };
		04E0582E2EEAB54E00F90A44 /* iterator.h */ = {isa = PBXFileReference; lastKnownFileType = sourcecode.c.h; path = iterator.h; sourceTree = "<group>"; };
		04E0582F2EEAB54E00F90A44 /* node.h */ = {isa = PBXFileReference; lastKnownFileType = sourcecode.c.h; path = node.h; sourceTree = "<group>"; };
		04E058302EEAB54E00F90A44 /* parse.h */ = {isa = PBXFileReference; lastKnownFileType = sourcecode.c.h; path = parse.h; sourceTree = "<group>"; };
		04E058312EEAB54E00F90A44 /* ptr.h */ = {isa = PBXFileReference; lastKnownFileType = sourcecode.c.h; path = ptr.h; sourceTree = "<group>"; };
		04E058322EEAB54E00F90A44 /* type.h */ = {isa = PBXFileReference; lastKnownFileType = sourcecode.c.h; path = type.h; sourceTree = "<group>"; };
		04E058342EEAB54E00F90A44 /* anchor.h */ = {isa = PBXFileReference; lastKnownFileType = sourcecode.c.h; path = anchor.h; sourceTree = "<group>"; };
		04E058352EEAB54E00F90A44 /* binary.h */ = {isa = PBXFileReference; lastKnownFileType = sourcecode.c.h; path = binary.h; sourceTree = "<group>"; };
		04E058362EEAB54E00F90A44 /* depthguard.h */ = {isa = PBXFileReference; lastKnownFileType = sourcecode.c.h; path = depthguard.h; sourceTree = "<group>"; };
		04E058372EEAB54E00F90A44 /* dll.h */ = {isa = PBXFileReference; lastKnownFileType = sourcecode.c.h; path = dll.h; sourceTree = "<group>"; };
		04E058382EEAB54E00F90A44 /* emitfromevents.h */ = {isa = PBXFileReference; lastKnownFileType = sourcecode.c.h; path = emitfromevents.h; sourceTree = "<group>"; };
		04E058392EEAB54E00F90A44 /* emitter.h */ = {isa = PBXFileReference; lastKnownFileType = sourcecode.c.h; path = emitter.h; sourceTree = "<group>"; };
		04E0583A2EEAB54E00F90A44 /* emitterdef.h */ = {isa = PBXFileReference; lastKnownFileType = sourcecode.c.h; path = emitterdef.h; sourceTree = "<group>"; };
		04E0583B2EEAB54E00F90A44 /* emittermanip.h */ = {isa = PBXFileReference; lastKnownFileType = sourcecode.c.h; path = emittermanip.h; sourceTree = "<group>"; };
		04E0583C2EEAB54E00F90A44 /* emitterstyle.h */ = {isa = PBXFileReference; lastKnownFileType = sourcecode.c.h; path = emitterstyle.h; sourceTree = "<group>"; };
		04E0583D2EEAB54E00F90A44 /* eventhandler.h */ = {isa = PBXFileReference; lastKnownFileType = sourcecode.c.h; path = eventhandler.h; sourceTree = "<group>"; };
		04E0583E2EEAB54E00F90A44 /* exceptions.h */ = {isa = PBXFileReference; lastKnownFileType = sourcecode.c.h; path = exceptions.h; sourceTree = "<group>"; };
		04E0583F2EEAB54E00F90A44 /* fptostring.h */ = {isa = PBXFileReference; lastKnownFileType = sourcecode.c.h; path = fptostring.h; sourceTree = "<group>"; };
		04E058402EEAB54E00F90A44 /* mark.h */ = {isa = PBXFileReference; lastKnownFileType = sourcecode.c.h; path = mark.h; sourceTree = "<group>"; };
		04E058412EEAB54E00F90A44 /* noexcept.h */ = {isa = PBXFileReference; lastKnownFileType = sourcecode.c.h; path = noexcept.h; sourceTree = "<group>"; };
		04E058422EEAB54E00F90A44 /* null.h */ = {isa = PBXFileReference; lastKnownFileType = sourcecode.c.h; path = null.h; sourceTree = "<group>"; };
		04E058432EEAB54E00F90A44 /* ostream_wrapper.h */ = {isa = PBXFileReference; lastKnownFileType = sourcecode.c.h; path = ostream_wrapper.h; sourceTree = "<group>"; };
		04E058442EEAB54E00F90A44 /* parser.h */ = {isa = PBXFileReference; lastKnownFileType = sourcecode.c.h; path = parser.h; sourceTree = "<group>"; };
		04E058452EEAB54E00F90A44 /* stlemitter.h */ = {isa = PBXFileReference; lastKnownFileType = sourcecode.c.h; path = stlemitter.h; sourceTree = "<group>"; };
		04E058462EEAB54E00F90A44 /* traits.h */ = {isa = PBXFileReference; lastKnownFileType = sourcecode.c.h; path = traits.h; sourceTree = "<group>"; };
		04E058472EEAB54E00F90A44 /* yaml.h */ = {isa = PBXFileReference; lastKnownFileType = sourcecode.c.h; path = yaml.h; sourceTree = "<group>"; };
		04E0584A2EEAB54E00F90A44 /* dragonbox.h */ = {isa = PBXFileReference; lastKnownFileType = sourcecode.c.h; path = dragonbox.h; sourceTree = "<group>"; };
		04E0584B2EEAB54E00F90A44 /* graphbuilder.cpp */ = {isa = PBXFileReference; lastKnownFileType = sourcecode.cpp.cpp; path = graphbuilder.cpp; sourceTree = "<group>"; };
		04E0584C2EEAB54E00F90A44 /* graphbuilderadapter.h */ = {isa = PBXFileReference; lastKnownFileType = sourcecode.c.h; path = graphbuilderadapter.h; sourceTree = "<group>"; };
		04E0584D2EEAB54E00F90A44 /* graphbuilderadapter.cpp */ = {isa = PBXFileReference; lastKnownFileType = sourcecode.cpp.cpp; path = graphbuilderadapter.cpp; sourceTree = "<group>"; };
		04E0584E2EEAB54E00F90A44 /* yaml-cpp.natvis */ = {isa = PBXFileReference; lastKnownFileType = text.xml; path = "yaml-cpp.natvis"; sourceTree = "<group>"; };
		04E0584F2EEAB54E00F90A44 /* yaml-cpp.natvis.md */ = {isa = PBXFileReference; lastKnownFileType = net.daringfireball.markdown; path = "yaml-cpp.natvis.md"; sourceTree = "<group>"; };
		04E058512EEAB54E00F90A44 /* binary.cpp */ = {isa = PBXFileReference; lastKnownFileType = sourcecode.cpp.cpp; path = binary.cpp; sourceTree = "<group>"; };
		04E058522EEAB54E00F90A44 /* collectionstack.h */ = {isa = PBXFileReference; lastKnownFileType = sourcecode.c.h; path = collectionstack.h; sourceTree = "<group>"; };
		04E058532EEAB54E00F90A44 /* convert.cpp */ = {isa = PBXFileReference; lastKnownFileType = sourcecode.cpp.cpp; path = convert.cpp; sourceTree = "<group>"; };
		04E058542EEAB54E00F90A44 /* depthguard.cpp */ = {isa = PBXFileReference; lastKnownFileType = sourcecode.cpp.cpp; path = depthguard.cpp; sourceTree = "<group>"; };
		04E058552EEAB54E00F90A44 /* directives.h */ = {isa = PBXFileReference; lastKnownFileType = sourcecode.c.h; path = directives.h; sourceTree = "<group>"; };
		04E058562EEAB54E00F90A44 /* directives.cpp */ = {isa = PBXFileReference; lastKnownFileType = sourcecode.cpp.cpp; path = directives.cpp; sourceTree = "<group>"; };
		04E058572EEAB54E00F90A44 /* emit.cpp */ = {isa = PBXFileReference; lastKnownFileType = sourcecode.cpp.cpp; path = emit.cpp; sourceTree = "<group>"; };
		04E058582EEAB54E00F90A44 /* emitfromevents.cpp */ = {isa = PBXFileReference; lastKnownFileType = sourcecode.cpp.cpp; path = emitfromevents.cpp; sourceTree = "<group>"; };
		04E058592EEAB54E00F90A44 /* emitter.cpp */ = {isa = PBXFileReference; lastKnownFileType = sourcecode.cpp.cpp; path = emitter.cpp; sourceTree = "<group>"; };
		04E0585A2EEAB54E00F90A44 /* emitterstate.h */ = {isa = PBXFileReference; lastKnownFileType = sourcecode.c.h; path = emitterstate.h; sourceTree = "<group>"; };
		04E0585B2EEAB54E00F90A44 /* emitterstate.cpp */ = {isa = PBXFileReference; lastKnownFileType = sourcecode.cpp.cpp; path = emitterstate.cpp; sourceTree = "<group>"; };
		04E0585C2EEAB54E00F90A44 /* emitterutils.h */ = {isa = PBXFileReference; lastKnownFileType = sourcecode.c.h; path = emitterutils.h; sourceTree = "<group>"; };
		04E0585D2EEAB54E00F90A44 /* emitterutils.cpp */ = {isa = PBXFileReference; lastKnownFileType = sourcecode.cpp.cpp; path = emitterutils.cpp; sourceTree = "<group>"; };
		04E0585E2EEAB54E00F90A44 /* exceptions.cpp */ = {isa = PBXFileReference; lastKnownFileType = sourcecode.cpp.cpp; path = exceptions.cpp; sourceTree = "<group>"; };
		04E0585F2EEAB54E00F90A44 /* exp.h */ = {isa = PBXFileReference; lastKnownFileType = sourcecode.c.h; path = exp.h; sourceTree = "<group>"; };
		04E058602EEAB54E00F90A44 /* exp.cpp */ = {isa = PBXFileReference; lastKnownFileType = sourcecode.cpp.cpp; path = exp.cpp; sourceTree = "<group>"; };
		04E058612EEAB54E00F90A44 /* fptostring.cpp */ = {isa = PBXFileReference; lastKnownFileType = sourcecode.cpp.cpp; path = fptostring.cpp; sourceTree = "<group>"; };
		04E058622EEAB54E00F90A44 /* indentation.h */ = {isa = PBXFileReference; lastKnownFileType = sourcecode.c.h; path = indentation.h; sourceTree = "<group>"; };
		04E058632EEAB54E00F90A44 /* memory.cpp */ = {isa = PBXFileReference; lastKnownFileType = sourcecode.cpp.cpp; path = memory.cpp; sourceTree = "<group>"; };
		04E058642EEAB54E00F90A44 /* node.cpp */ = {isa = PBXFileReference; lastKnownFileType = sourcecode.cpp.cpp; path = node.cpp; sourceTree = "<group>"; };
		04E058652EEAB54E00F90A44 /* node_data.cpp */ = {isa = PBXFileReference; lastKnownFileType = sourcecode.cpp.cpp; path = node_data.cpp; sourceTree = "<group>"; };
		04E058662EEAB54E00F90A44 /* nodebuilder.h */ = {isa = PBXFileReference; lastKnownFileType = sourcecode.c.h; path = nodebuilder.h; sourceTree = "<group>"; };
		04E058672EEAB54E00F90A44 /* nodebuilder.cpp */ = {isa = PBXFileReference; lastKnownFileType = sourcecode.cpp.cpp; path = nodebuilder.cpp; sourceTree = "<group>"; };
		04E058682EEAB54E00F90A44 /* nodeevents.h */ = {isa = PBXFileReference; lastKnownFileType = sourcecode.c.h; path = nodeevents.h; sourceTree = "<group>"; };
		04E058692EEAB54E00F90A44 /* nodeevents.cpp */ = {isa = PBXFileReference; lastKnownFileType = sourcecode.cpp.cpp; path = nodeevents.cpp; sourceTree = "<group>"; };
		04E0586A2EEAB54E00F90A44 /* null.cpp */ = {isa = PBXFileReference; lastKnownFileType = sourcecode.cpp.cpp; path = null.cpp; sourceTree = "<group>"; };
		04E0586B2EEAB54E00F90A44 /* ostream_wrapper.cpp */ = {isa = PBXFileReference; lastKnownFileType = sourcecode.cpp.cpp; path = ostream_wrapper.cpp; sourceTree = "<group>"; };
		04E0586C2EEAB54E00F90A44 /* parse.cpp */ = {isa = PBXFileReference; lastKnownFileType = sourcecode.cpp.cpp; path = parse.cpp; sourceTree = "<group>"; };
		04E0586D2EEAB54E00F90A44 /* parser.cpp */ = {isa = PBXFileReference; lastKnownFileType = sourcecode.cpp.cpp; path = parser.cpp; sourceTree = "<group>"; };
		04E0586E2EEAB54E00F90A44 /* ptr_vector.h */ = {isa = PBXFileReference; lastKnownFileType = sourcecode.c.h; path = ptr_vector.h; sourceTree = "<group>"; };
		04E0586F2EEAB54E00F90A44 /* regex_yaml.h */ = {isa = PBXFileReference; lastKnownFileType = sourcecode.c.h; path = regex_yaml.h; sourceTree = "<group>"; };
		04E058702EEAB54E00F90A44 /* regex_yaml.cpp */ = {isa = PBXFileReference; lastKnownFileType = sourcecode.cpp.cpp; path = regex_yaml.cpp; sourceTree = "<group>"; };
		04E058712EEAB54E00F90A44 /* regeximpl.h */ = {isa = PBXFileReference; lastKnownFileType = sourcecode.c.h; path = regeximpl.h; sourceTree = "<group>"; };
		04E058722EEAB54E00F90A44 /* scanner.h */ = {isa = PBXFileReference; lastKnownFileType = sourcecode.c.h; path = scanner.h; sourceTree = "<group>"; };
		04E058732EEAB54E00F90A44 /* scanner.cpp */ = {isa = PBXFileReference; lastKnownFileType = sourcecode.cpp.cpp; path = scanner.cpp; sourceTree = "<group>"; };
		04E058742EEAB54E00F90A44 /* scanscalar.h */ = {isa = PBXFileReference; lastKnownFileType = sourcecode.c.h; path = scanscalar.h; sourceTree = "<group>"; };
		04E058752EEAB54E00F90A44 /* scanscalar.cpp */ = {isa = PBXFileReference; lastKnownFileType = sourcecode.cpp.cpp; path = scanscalar.cpp; sourceTree = "<group>"; };
		04E058762EEAB54E00F90A44 /* scantag.h */ = {isa = PBXFileReference; lastKnownFileType = sourcecode.c.h; path = scantag.h; sourceTree = "<group>"; };
		04E058772EEAB54E00F90A44 /* scantag.cpp */ = {isa = PBXFileReference; lastKnownFileType = sourcecode.cpp.cpp; path = scantag.cpp; sourceTree = "<group>"; };
		04E058782EEAB54E00F90A44 /* scantoken.cpp */ = {isa = PBXFileReference; lastKnownFileType = sourcecode.cpp.cpp; path = scantoken.cpp; sourceTree = "<group>"; };
		04E058792EEAB54E00F90A44 /* setting.h */ = {isa = PBXFileReference; lastKnownFileType = sourcecode.c.h; path = setting.h; sourceTree = "<group>"; };
		04E0587A2EEAB54E00F90A44 /* simplekey.cpp */ = {isa = PBXFileReference; lastKnownFileType = sourcecode.cpp.cpp; path = simplekey.cpp; sourceTree = "<group>"; };
		04E0587B2EEAB54E00F90A44 /* singledocparser.h */ = {isa = PBXFileReference; lastKnownFileType = sourcecode.c.h; path = singledocparser.h; sourceTree = "<group>"; };
		04E0587C2EEAB54E00F90A44 /* singledocparser.cpp */ = {isa = PBXFileReference; lastKnownFileType = sourcecode.cpp.cpp; path = singledocparser.cpp; sourceTree = "<group>"; };
		04E0587D2EEAB54E00F90A44 /* stream.h */ = {isa = PBXFileReference; lastKnownFileType = sourcecode.c.h; path = stream.h; sourceTree = "<group>"; };
		04E0587E2EEAB54E00F90A44 /* stream.cpp */ = {isa = PBXFileReference; lastKnownFileType = sourcecode.cpp.cpp; path = stream.cpp; sourceTree = "<group>"; };
		04E0587F2EEAB54E00F90A44 /* streamcharsource.h */ = {isa = PBXFileReference; lastKnownFileType = sourcecode.c.h; path = streamcharsource.h; sourceTree = "<group>"; };
		04E058802EEAB54E00F90A44 /* stringsource.h */ = {isa = PBXFileReference; lastKnownFileType = sourcecode.c.h; path = stringsource.h; sourceTree = "<group>"; };
		04E058812EEAB54E00F90A44 /* tag.h */ = {isa = PBXFileReference; lastKnownFileType = sourcecode.c.h; path = tag.h; sourceTree = "<group>"; };
		04E058822EEAB54E00F90A44 /* tag.cpp */ = {isa = PBXFileReference; lastKnownFileType = sourcecode.cpp.cpp; path = tag.cpp; sourceTree = "<group>"; };
		04E058832EEAB54E00F90A44 /* token.h */ = {isa = PBXFileReference; lastKnownFileType = sourcecode.c.h; path = token.h; sourceTree = "<group>"; };
		04E058852EEAB54E00F90A44 /* api.cpp */ = {isa = PBXFileReference; lastKnownFileType = sourcecode.cpp.cpp; path = api.cpp; sourceTree = "<group>"; };
		04E058862EEAB54E00F90A44 /* CMakeLists.txt */ = {isa = PBXFileReference; lastKnownFileType = text; path = CMakeLists.txt; sourceTree = "<group>"; };
		04E058872EEAB54E00F90A44 /* parse.cpp */ = {isa = PBXFileReference; lastKnownFileType = sourcecode.cpp.cpp; path = parse.cpp; sourceTree = "<group>"; };
		04E058882EEAB54E00F90A44 /* read.cpp */ = {isa = PBXFileReference; lastKnownFileType = sourcecode.cpp.cpp; path = read.cpp; sourceTree = "<group>"; };
		04E058892EEAB54E00F90A44 /* sandbox.cpp */ = {isa = PBXFileReference; lastKnownFileType = sourcecode.cpp.cpp; path = sandbox.cpp; sourceTree = "<group>"; };
		04E0588B2EEAB54E00F90A44 /* BUILD.bazel */ = {isa = PBXFileReference; lastKnownFileType = text; path = BUILD.bazel; sourceTree = "<group>"; };
		04E0588C2EEAB54E00F90A44 /* cmake_uninstall.cmake.in */ = {isa = PBXFileReference; lastKnownFileType = text; path = cmake_uninstall.cmake.in; sourceTree = "<group>"; };
		04E0588D2EEAB54E00F90A44 /* CMakeLists.txt */ = {isa = PBXFileReference; lastKnownFileType = text; path = CMakeLists.txt; sourceTree = "<group>"; };
		04E0588E2EEAB54E00F90A44 /* CONTRIBUTING.md */ = {isa = PBXFileReference; lastKnownFileType = net.daringfireball.markdown; path = CONTRIBUTING.md; sourceTree = "<group>"; };
		04E0588F2EEAB54E00F90A44 /* install.txt */ = {isa = PBXFileReference; lastKnownFileType = text; path = install.txt; sourceTree = "<group>"; };
		04E058902EEAB54E00F90A44 /* LICENSE */ = {isa = PBXFileReference; lastKnownFileType = text; path = LICENSE; sourceTree = "<group>"; };
		04E058912EEAB54E00F90A44 /* MODULE.bazel */ = {isa = PBXFileReference; lastKnownFileType = text; path = MODULE.bazel; sourceTree = "<group>"; };
		04E058922EEAB54E00F90A44 /* MODULE.bazel.lock */ = {isa = PBXFileReference; lastKnownFileType = text; path = MODULE.bazel.lock; sourceTree = "<group>"; };
		04E058932EEAB54E00F90A44 /* README.md */ = {isa = PBXFileReference; lastKnownFileType = net.daringfireball.markdown; path = README.md; sourceTree = "<group>"; };
		04E058942EEAB54E00F90A44 /* SECURITY.md */ = {isa = PBXFileReference; lastKnownFileType = net.daringfireball.markdown; path = SECURITY.md; sourceTree = "<group>"; };
		04E058952EEAB54E00F90A44 /* yaml-cpp-config.cmake.in */ = {isa = PBXFileReference; lastKnownFileType = text; path = "yaml-cpp-config.cmake.in"; sourceTree = "<group>"; };
		04E058962EEAB54E00F90A44 /* yaml-cpp.pc.in */ = {isa = PBXFileReference; lastKnownFileType = text; path = "yaml-cpp.pc.in"; sourceTree = "<group>"; };
		04F816DE2EEBE3FB00CFB473 /* DisplayObjc.h */ = {isa = PBXFileReference; lastKnownFileType = sourcecode.c.h; path = DisplayObjc.h; sourceTree = SOURCE_ROOT; };
		04F816DF2EEBE3FB00CFB473 /* DisplayObjc.mm */ = {isa = PBXFileReference; lastKnownFileType = sourcecode.cpp.objcpp; path = DisplayObjc.mm; sourceTree = SOURCE_ROOT; };
/* End PBXFileReference section */

/* Begin PBXFileSystemSynchronizedRootGroup section */
		04E055E92EEA8D2C00F90A44 /* wallpaperdaemon */ = {
			isa = PBXFileSystemSynchronizedRootGroup;
			path = wallpaperdaemon;
			sourceTree = "<group>";
		};
/* End PBXFileSystemSynchronizedRootGroup section */

/* Begin PBXFrameworksBuildPhase section */
		04E007072EEA738C00F90A44 /* Frameworks */ = {
			isa = PBXFrameworksBuildPhase;
			files = (
				04E055482EEA795F00F90A44 /* CoreGraphics.framework in Frameworks */,
				04E055462EEA795900F90A44 /* CoreVideo.framework in Frameworks */,
				04E055442EEA795200F90A44 /* CoreMedia.framework in Frameworks */,
				04E055422EEA794C00F90A44 /* AVFoundation.framework in Frameworks */,
			);
		};
		04E055E52EEA8D2C00F90A44 /* Frameworks */ = {
			isa = PBXFrameworksBuildPhase;
			files = (
				04E055F52EEA8D7100F90A44 /* QuartzCore.framework in Frameworks */,
				04E055F42EEA8D6800F90A44 /* CoreGraphics.framework in Frameworks */,
				04E055F32EEA8D6500F90A44 /* IOKit.framework in Frameworks */,
				04E055F22EEA8D5C00F90A44 /* AVFoundation.framework in Frameworks */,
				04E055F12EEA8D5700F90A44 /* Cocoa.framework in Frameworks */,
			);
		};
/* End PBXFrameworksBuildPhase section */

/* Begin PBXGroup section */
		04E007012EEA738C00F90A44 = {
			isa = PBXGroup;
			children = (
				04E0565B2EEAB3DD00F90A44 /* LiveWallpaper */,
				04E055E92EEA8D2C00F90A44 /* wallpaperdaemon */,
				04E054BD2EEA76F600F90A44 /* Frameworks */,
				04E0070B2EEA738C00F90A44 /* Products */,
			);
			sourceTree = "<group>";
		};
		04E0070B2EEA738C00F90A44 /* Products */ = {
			isa = PBXGroup;
			children = (
				04E0070A2EEA738C00F90A44 /* LiveWallpaper.app */,
				04E055E82EEA8D2C00F90A44 /* wallpaperdaemon */,
			);
			name = Products;
			sourceTree = "<group>";
		};
		04E054BD2EEA76F600F90A44 /* Frameworks */ = {
			isa = PBXGroup;
			children = (
				04E055E22EEA8CB600F90A44 /* Cocoa.framework */,
				04E055E02EEA8C2E00F90A44 /* IOKit.framework */,
				04E055DE2EEA8C2600F90A44 /* QuartzCore.framework */,
				04E055472EEA795F00F90A44 /* CoreGraphics.framework */,
				04E055452EEA795900F90A44 /* CoreVideo.framework */,
				04E055432EEA795200F90A44 /* CoreMedia.framework */,
				04E055412EEA794C00F90A44 /* AVFoundation.framework */,
				04E058972EEAB54E00F90A44 /* yaml-cpp */,
			);
			name = Frameworks;
			sourceTree = "<group>";
		};
		04E0565B2EEAB3DD00F90A44 /* LiveWallpaper */ = {
			isa = PBXGroup;
			children = (
				04E0565C2EEAB3EE00F90A44 /* AppIcon.icon */,
				04E0565D2EEAB3EE00F90A44 /* Assets.xcassets */,
				04E0565F2EEAB3EE00F90A44 /* ContentView.swift */,
				04E056612EEAB3EE00F90A44 /* DisplayManager.h */,
				04E056662EEAB3EE00F90A44 /* LiveWallpaper-Bridging-Header.h */,
				04E056672EEAB3EE00F90A44 /* LiveWallpaperApp.swift */,
				04E0566B2EEAB3EE00F90A44 /* SaveSystem.h */,
				04E0566C2EEAB3EE00F90A44 /* SaveSystem.mm */,
				04E056EF2EEAB3EE00F90A44 /* WallpaperEngine.h */,
				04E056F02EEAB3EE00F90A44 /* WallpaperEngine.mm */,
				04F816DE2EEBE3FB00CFB473 /* DisplayObjc.h */,
				04F816DF2EEBE3FB00CFB473 /* DisplayObjc.mm */,
				04E057732EEAB43200F90A44 /* src */,
			);
			path = LiveWallpaper;
			sourceTree = "<group>";
		};
		04E0573F2EEAB43200F90A44 /* contrib */ = {
			isa = PBXGroup;
			children = (
				04E057392EEAB43200F90A44 /* dragonbox.h */,
				04E0573A2EEAB43200F90A44 /* graphbuilder.cpp */,
				04E0573B2EEAB43200F90A44 /* graphbuilderadapter.h */,
				04E0573C2EEAB43200F90A44 /* graphbuilderadapter.cpp */,
				04E0573D2EEAB43200F90A44 /* yaml-cpp.natvis */,
				04E0573E2EEAB43200F90A44 /* yaml-cpp.natvis.md */,
			);
			path = contrib;
			sourceTree = "<group>";
		};
		04E057732EEAB43200F90A44 /* src */ = {
			isa = PBXGroup;
			children = (
				04E0573F2EEAB43200F90A44 /* contrib */,
				04E057402EEAB43200F90A44 /* binary.cpp */,
				04E057412EEAB43200F90A44 /* collectionstack.h */,
				04E057422EEAB43200F90A44 /* convert.cpp */,
				04E057432EEAB43200F90A44 /* depthguard.cpp */,
				04E057442EEAB43200F90A44 /* directives.h */,
				04E057452EEAB43200F90A44 /* directives.cpp */,
				04E057462EEAB43200F90A44 /* emit.cpp */,
				04E057472EEAB43200F90A44 /* emitfromevents.cpp */,
				04E057482EEAB43200F90A44 /* emitter.cpp */,
				04E057492EEAB43200F90A44 /* emitterstate.h */,
				04E0574A2EEAB43200F90A44 /* emitterstate.cpp */,
				04E0574B2EEAB43200F90A44 /* emitterutils.h */,
				04E0574C2EEAB43200F90A44 /* emitterutils.cpp */,
				04E0574D2EEAB43200F90A44 /* exceptions.cpp */,
				04E0574E2EEAB43200F90A44 /* exp.h */,
				04E0574F2EEAB43200F90A44 /* exp.cpp */,
				04E057502EEAB43200F90A44 /* fptostring.cpp */,
				04E057512EEAB43200F90A44 /* indentation.h */,
				04E057522EEAB43200F90A44 /* memory.cpp */,
				04E057532EEAB43200F90A44 /* node.cpp */,
				04E057542EEAB43200F90A44 /* node_data.cpp */,
				04E057552EEAB43200F90A44 /* nodebuilder.h */,
				04E057562EEAB43200F90A44 /* nodebuilder.cpp */,
				04E057572EEAB43200F90A44 /* nodeevents.h */,
				04E057582EEAB43200F90A44 /* nodeevents.cpp */,
				04E057592EEAB43200F90A44 /* null.cpp */,
				04E0575A2EEAB43200F90A44 /* ostream_wrapper.cpp */,
				04E0575B2EEAB43200F90A44 /* parse.cpp */,
				04E0575C2EEAB43200F90A44 /* parser.cpp */,
				04E0575D2EEAB43200F90A44 /* ptr_vector.h */,
				04E0575E2EEAB43200F90A44 /* regex_yaml.h */,
				04E0575F2EEAB43200F90A44 /* regex_yaml.cpp */,
				04E057602EEAB43200F90A44 /* regeximpl.h */,
				04E057612EEAB43200F90A44 /* scanner.h */,
				04E057622EEAB43200F90A44 /* scanner.cpp */,
				04E057632EEAB43200F90A44 /* scanscalar.h */,
				04E057642EEAB43200F90A44 /* scanscalar.cpp */,
				04E057652EEAB43200F90A44 /* scantag.h */,
				04E057662EEAB43200F90A44 /* scantag.cpp */,
				04E057672EEAB43200F90A44 /* scantoken.cpp */,
				04E057682EEAB43200F90A44 /* setting.h */,
				04E057692EEAB43200F90A44 /* simplekey.cpp */,
				04E0576A2EEAB43200F90A44 /* singledocparser.h */,
				04E0576B2EEAB43200F90A44 /* singledocparser.cpp */,
				04E0576C2EEAB43200F90A44 /* stream.h */,
				04E0576D2EEAB43200F90A44 /* stream.cpp */,
				04E0576E2EEAB43200F90A44 /* streamcharsource.h */,
				04E0576F2EEAB43200F90A44 /* stringsource.h */,
				04E057702EEAB43200F90A44 /* tag.h */,
				04E057712EEAB43200F90A44 /* tag.cpp */,
				04E057722EEAB43200F90A44 /* token.h */,
			);
			name = src;
			path = "../vendor/yaml-cpp/src";
			sourceTree = "<group>";
		};
		04E0581E2EEAB54E00F90A44 /* docs */ = {
			isa = PBXGroup;
			children = (
				04E058172EEAB54E00F90A44 /* _config.yml */,
				04E058182EEAB54E00F90A44 /* Breaking-Changes.md */,
				04E058192EEAB54E00F90A44 /* How-To-Emit-YAML.md */,
				04E0581A2EEAB54E00F90A44 /* How-To-Parse-A-Document-(Old-API).md */,
				04E0581B2EEAB54E00F90A44 /* index.md */,
				04E0581C2EEAB54E00F90A44 /* Strings.md */,
				04E0581D2EEAB54E00F90A44 /* Tutorial.md */,
			);
			path = docs;
			sourceTree = "<group>";
		};
		04E058212EEAB54E00F90A44 /* contrib */ = {
			isa = PBXGroup;
			children = (
				04E0581F2EEAB54E00F90A44 /* anchordict.h */,
				04E058202EEAB54E00F90A44 /* graphbuilder.h */,
			);
			path = contrib;
			sourceTree = "<group>";
		};
		04E0582A2EEAB54E00F90A44 /* detail */ = {
			isa = PBXGroup;
			children = (
				04E058222EEAB54E00F90A44 /* impl.h */,
				04E058232EEAB54E00F90A44 /* iterator.h */,
				04E058242EEAB54E00F90A44 /* iterator_fwd.h */,
				04E058252EEAB54E00F90A44 /* memory.h */,
				04E058262EEAB54E00F90A44 /* node.h */,
				04E058272EEAB54E00F90A44 /* node_data.h */,
				04E058282EEAB54E00F90A44 /* node_iterator.h */,
				04E058292EEAB54E00F90A44 /* node_ref.h */,
			);
			path = detail;
			sourceTree = "<group>";
		};
		04E058332EEAB54E00F90A44 /* node */ = {
			isa = PBXGroup;
			children = (
				04E0582A2EEAB54E00F90A44 /* detail */,
				04E0582B2EEAB54E00F90A44 /* convert.h */,
				04E0582C2EEAB54E00F90A44 /* emit.h */,
				04E0582D2EEAB54E00F90A44 /* impl.h */,
				04E0582E2EEAB54E00F90A44 /* iterator.h */,
				04E0582F2EEAB54E00F90A44 /* node.h */,
				04E058302EEAB54E00F90A44 /* parse.h */,
				04E058312EEAB54E00F90A44 /* ptr.h */,
				04E058322EEAB54E00F90A44 /* type.h */,
			);
			path = node;
			sourceTree = "<group>";
		};
		04E058482EEAB54E00F90A44 /* yaml-cpp */ = {
			isa = PBXGroup;
			children = (
				04E058212EEAB54E00F90A44 /* contrib */,
				04E058332EEAB54E00F90A44 /* node */,
				04E058342EEAB54E00F90A44 /* anchor.h */,
				04E058352EEAB54E00F90A44 /* binary.h */,
				04E058362EEAB54E00F90A44 /* depthguard.h */,
				04E058372EEAB54E00F90A44 /* dll.h */,
				04E058382EEAB54E00F90A44 /* emitfromevents.h */,
				04E058392EEAB54E00F90A44 /* emitter.h */,
				04E0583A2EEAB54E00F90A44 /* emitterdef.h */,
				04E0583B2EEAB54E00F90A44 /* emittermanip.h */,
				04E0583C2EEAB54E00F90A44 /* emitterstyle.h */,
				04E0583D2EEAB54E00F90A44 /* eventhandler.h */,
				04E0583E2EEAB54E00F90A44 /* exceptions.h */,
				04E0583F2EEAB54E00F90A44 /* fptostring.h */,
				04E058402EEAB54E00F90A44 /* mark.h */,
				04E058412EEAB54E00F90A44 /* noexcept.h */,
				04E058422EEAB54E00F90A44 /* null.h */,
				04E058432EEAB54E00F90A44 /* ostream_wrapper.h */,
				04E058442EEAB54E00F90A44 /* parser.h */,
				04E058452EEAB54E00F90A44 /* stlemitter.h */,
				04E058462EEAB54E00F90A44 /* traits.h */,
				04E058472EEAB54E00F90A44 /* yaml.h */,
			);
			path = "yaml-cpp";
			sourceTree = "<group>";
		};
		04E058492EEAB54E00F90A44 /* include */ = {
			isa = PBXGroup;
			children = (
				04E058482EEAB54E00F90A44 /* yaml-cpp */,
			);
			path = include;
			sourceTree = "<group>";
		};
		04E058502EEAB54E00F90A44 /* contrib */ = {
			isa = PBXGroup;
			children = (
				04E0584A2EEAB54E00F90A44 /* dragonbox.h */,
				04E0584B2EEAB54E00F90A44 /* graphbuilder.cpp */,
				04E0584C2EEAB54E00F90A44 /* graphbuilderadapter.h */,
				04E0584D2EEAB54E00F90A44 /* graphbuilderadapter.cpp */,
				04E0584E2EEAB54E00F90A44 /* yaml-cpp.natvis */,
				04E0584F2EEAB54E00F90A44 /* yaml-cpp.natvis.md */,
			);
			path = contrib;
			sourceTree = "<group>";
		};
		04E058842EEAB54E00F90A44 /* src */ = {
			isa = PBXGroup;
			children = (
				04E058502EEAB54E00F90A44 /* contrib */,
				04E058512EEAB54E00F90A44 /* binary.cpp */,
				04E058522EEAB54E00F90A44 /* collectionstack.h */,
				04E058532EEAB54E00F90A44 /* convert.cpp */,
				04E058542EEAB54E00F90A44 /* depthguard.cpp */,
				04E058552EEAB54E00F90A44 /* directives.h */,
				04E058562EEAB54E00F90A44 /* directives.cpp */,
				04E058572EEAB54E00F90A44 /* emit.cpp */,
				04E058582EEAB54E00F90A44 /* emitfromevents.cpp */,
				04E058592EEAB54E00F90A44 /* emitter.cpp */,
				04E0585A2EEAB54E00F90A44 /* emitterstate.h */,
				04E0585B2EEAB54E00F90A44 /* emitterstate.cpp */,
				04E0585C2EEAB54E00F90A44 /* emitterutils.h */,
				04E0585D2EEAB54E00F90A44 /* emitterutils.cpp */,
				04E0585E2EEAB54E00F90A44 /* exceptions.cpp */,
				04E0585F2EEAB54E00F90A44 /* exp.h */,
				04E058602EEAB54E00F90A44 /* exp.cpp */,
				04E058612EEAB54E00F90A44 /* fptostring.cpp */,
				04E058622EEAB54E00F90A44 /* indentation.h */,
				04E058632EEAB54E00F90A44 /* memory.cpp */,
				04E058642EEAB54E00F90A44 /* node.cpp */,
				04E058652EEAB54E00F90A44 /* node_data.cpp */,
				04E058662EEAB54E00F90A44 /* nodebuilder.h */,
				04E058672EEAB54E00F90A44 /* nodebuilder.cpp */,
				04E058682EEAB54E00F90A44 /* nodeevents.h */,
				04E058692EEAB54E00F90A44 /* nodeevents.cpp */,
				04E0586A2EEAB54E00F90A44 /* null.cpp */,
				04E0586B2EEAB54E00F90A44 /* ostream_wrapper.cpp */,
				04E0586C2EEAB54E00F90A44 /* parse.cpp */,
				04E0586D2EEAB54E00F90A44 /* parser.cpp */,
				04E0586E2EEAB54E00F90A44 /* ptr_vector.h */,
				04E0586F2EEAB54E00F90A44 /* regex_yaml.h */,
				04E058702EEAB54E00F90A44 /* regex_yaml.cpp */,
				04E058712EEAB54E00F90A44 /* regeximpl.h */,
				04E058722EEAB54E00F90A44 /* scanner.h */,
				04E058732EEAB54E00F90A44 /* scanner.cpp */,
				04E058742EEAB54E00F90A44 /* scanscalar.h */,
				04E058752EEAB54E00F90A44 /* scanscalar.cpp */,
				04E058762EEAB54E00F90A44 /* scantag.h */,
				04E058772EEAB54E00F90A44 /* scantag.cpp */,
				04E058782EEAB54E00F90A44 /* scantoken.cpp */,
				04E058792EEAB54E00F90A44 /* setting.h */,
				04E0587A2EEAB54E00F90A44 /* simplekey.cpp */,
				04E0587B2EEAB54E00F90A44 /* singledocparser.h */,
				04E0587C2EEAB54E00F90A44 /* singledocparser.cpp */,
				04E0587D2EEAB54E00F90A44 /* stream.h */,
				04E0587E2EEAB54E00F90A44 /* stream.cpp */,
				04E0587F2EEAB54E00F90A44 /* streamcharsource.h */,
				04E058802EEAB54E00F90A44 /* stringsource.h */,
				04E058812EEAB54E00F90A44 /* tag.h */,
				04E058822EEAB54E00F90A44 /* tag.cpp */,
				04E058832EEAB54E00F90A44 /* token.h */,
			);
			path = src;
			sourceTree = "<group>";
		};
		04E0588A2EEAB54E00F90A44 /* util */ = {
			isa = PBXGroup;
			children = (
				04E058852EEAB54E00F90A44 /* api.cpp */,
				04E058862EEAB54E00F90A44 /* CMakeLists.txt */,
				04E058872EEAB54E00F90A44 /* parse.cpp */,
				04E058882EEAB54E00F90A44 /* read.cpp */,
				04E058892EEAB54E00F90A44 /* sandbox.cpp */,
			);
			path = util;
			sourceTree = "<group>";
		};
		04E058972EEAB54E00F90A44 /* yaml-cpp */ = {
			isa = PBXGroup;
			children = (
				04E0581E2EEAB54E00F90A44 /* docs */,
				04E058492EEAB54E00F90A44 /* include */,
				04E058842EEAB54E00F90A44 /* src */,
				04E0588A2EEAB54E00F90A44 /* util */,
				04E0588B2EEAB54E00F90A44 /* BUILD.bazel */,
				04E0588C2EEAB54E00F90A44 /* cmake_uninstall.cmake.in */,
				04E0588D2EEAB54E00F90A44 /* CMakeLists.txt */,
				04E0588E2EEAB54E00F90A44 /* CONTRIBUTING.md */,
				04E0588F2EEAB54E00F90A44 /* install.txt */,
				04E058902EEAB54E00F90A44 /* LICENSE */,
				04E058912EEAB54E00F90A44 /* MODULE.bazel */,
				04E058922EEAB54E00F90A44 /* MODULE.bazel.lock */,
				04E058932EEAB54E00F90A44 /* README.md */,
				04E058942EEAB54E00F90A44 /* SECURITY.md */,
				04E058952EEAB54E00F90A44 /* yaml-cpp-config.cmake.in */,
				04E058962EEAB54E00F90A44 /* yaml-cpp.pc.in */,
			);
			name = "yaml-cpp";
			path = "vendor/yaml-cpp";
			sourceTree = "<group>";
		};
/* End PBXGroup section */

/* Begin PBXNativeTarget section */
		04E007092EEA738C00F90A44 /* LiveWallpaper */ = {
			isa = PBXNativeTarget;
			buildConfigurationList = 04E007152EEA738D00F90A44 /* Build configuration list for PBXNativeTarget "LiveWallpaper" */;
			buildPhases = (
				04E007062EEA738C00F90A44 /* Sources */,
				04E007072EEA738C00F90A44 /* Frameworks */,
				04E007082EEA738C00F90A44 /* Resources */,
				04E055F62EEA8DAA00F90A44 /* CopyFiles */,
			);
			buildRules = (
			);
			name = LiveWallpaper;
			productName = LiveWallpaper;
			productReference = 04E0070A2EEA738C00F90A44 /* LiveWallpaper.app */;
			productType = "com.apple.product-type.application";
		};
		04E055E72EEA8D2C00F90A44 /* wallpaperdaemon */ = {
			isa = PBXNativeTarget;
			buildConfigurationList = 04E055EC2EEA8D2C00F90A44 /* Build configuration list for PBXNativeTarget "wallpaperdaemon" */;
			buildPhases = (
				04E055E42EEA8D2C00F90A44 /* Sources */,
				04E055E52EEA8D2C00F90A44 /* Frameworks */,
				04E055E62EEA8D2C00F90A44 /* CopyFiles */,
			);
			buildRules = (
			);
			fileSystemSynchronizedGroups = (
				04E055E92EEA8D2C00F90A44 /* wallpaperdaemon */,
			);
			name = wallpaperdaemon;
			productName = wallpaperdaemon;
			productReference = 04E055E82EEA8D2C00F90A44 /* wallpaperdaemon */;
			productType = "com.apple.product-type.tool";
		};
/* End PBXNativeTarget section */

/* Begin PBXProject section */
		04E007022EEA738C00F90A44 /* Project object */ = {
			isa = PBXProject;
			attributes = {
				BuildIndependentTargetsInParallel = 1;
				LastSwiftUpdateCheck = 2610;
				LastUpgradeCheck = 2610;
				TargetAttributes = {
					04E007092EEA738C00F90A44 = {
						CreatedOnToolsVersion = 26.1.1;
					};
					04E055E72EEA8D2C00F90A44 = {
						CreatedOnToolsVersion = 26.1.1;
					};
				};
			};
			buildConfigurationList = 04E007052EEA738C00F90A44 /* Build configuration list for PBXProject "LiveWallpaper" */;
			developmentRegion = en;
			hasScannedForEncodings = 0;
			knownRegions = (
				en,
				Base,
			);
			mainGroup = 04E007012EEA738C00F90A44;
			minimizedProjectReferenceProxies = 1;
			preferredProjectObjectVersion = 90;
			productRefGroup = 04E0070B2EEA738C00F90A44 /* Products */;
			projectDirPath = "";
			projectRoot = "";
			targets = (
				04E007092EEA738C00F90A44 /* LiveWallpaper */,
				04E055E72EEA8D2C00F90A44 /* wallpaperdaemon */,
			);
		};
/* End PBXProject section */

/* Begin PBXResourcesBuildPhase section */
		04E007082EEA738C00F90A44 /* Resources */ = {
			isa = PBXResourcesBuildPhase;
			files = (
				04E057252EEAB3EE00F90A44 /* AppIcon.icon in Resources */,
				04E057942EEAB43200F90A44 /* yaml-cpp.natvis.md in Resources */,
				04E057952EEAB43200F90A44 /* yaml-cpp.natvis in Resources */,
				04E057382EEAB3EE00F90A44 /* Assets.xcassets in Resources */,
			);
		};
/* End PBXResourcesBuildPhase section */

/* Begin PBXSourcesBuildPhase section */
		04E007062EEA738C00F90A44 /* Sources */ = {
			isa = PBXSourcesBuildPhase;
			files = (
				04E057742EEAB43200F90A44 /* emitterstate.cpp in Sources */,
				04E057752EEAB43200F90A44 /* nodebuilder.cpp in Sources */,
				04E057762EEAB43200F90A44 /* ostream_wrapper.cpp in Sources */,
				04E057772EEAB43200F90A44 /* nodeevents.cpp in Sources */,
				04E057782EEAB43200F90A44 /* tag.cpp in Sources */,
				04E057792EEAB43200F90A44 /* scantoken.cpp in Sources */,
				04E0577A2EEAB43200F90A44 /* scanscalar.cpp in Sources */,
				04E0577B2EEAB43200F90A44 /* scantag.cpp in Sources */,
				04E0577C2EEAB43200F90A44 /* parse.cpp in Sources */,
				04E0577D2EEAB43200F90A44 /* binary.cpp in Sources */,
				04E0577E2EEAB43200F90A44 /* fptostring.cpp in Sources */,
				04E0577F2EEAB43200F90A44 /* parser.cpp in Sources */,
				04E057802EEAB43200F90A44 /* graphbuilder.cpp in Sources */,
				04E057812EEAB43200F90A44 /* emitter.cpp in Sources */,
				04E057822EEAB43200F90A44 /* memory.cpp in Sources */,
				04E057832EEAB43200F90A44 /* regex_yaml.cpp in Sources */,
				04E057842EEAB43200F90A44 /* simplekey.cpp in Sources */,
				04E057852EEAB43200F90A44 /* emitfromevents.cpp in Sources */,
				04E057862EEAB43200F90A44 /* convert.cpp in Sources */,
				04E057872EEAB43200F90A44 /* emitterutils.cpp in Sources */,
				04E057882EEAB43200F90A44 /* exceptions.cpp in Sources */,
				04E057892EEAB43200F90A44 /* depthguard.cpp in Sources */,
				04E0578A2EEAB43200F90A44 /* graphbuilderadapter.cpp in Sources */,
				04E0578B2EEAB43200F90A44 /* node_data.cpp in Sources */,
				04E0578C2EEAB43200F90A44 /* singledocparser.cpp in Sources */,
				04E0578D2EEAB43200F90A44 /* stream.cpp in Sources */,
				04E0578E2EEAB43200F90A44 /* node.cpp in Sources */,
				04E0578F2EEAB43200F90A44 /* exp.cpp in Sources */,
				04E057902EEAB43200F90A44 /* emit.cpp in Sources */,
				04E057912EEAB43200F90A44 /* null.cpp in Sources */,
				04E057922EEAB43200F90A44 /* scanner.cpp in Sources */,
				04E057932EEAB43200F90A44 /* directives.cpp in Sources */,
				04E056FF2EEAB3EE00F90A44 /* LiveWallpaperApp.swift in Sources */,
				04F816E02EEBE3FB00CFB473 /* DisplayObjc.mm in Sources */,
				04E0570B2EEAB3EE00F90A44 /* WallpaperEngine.mm in Sources */,
				04E057192EEAB3EE00F90A44 /* ContentView.swift in Sources */,
				04E0571C2EEAB3EE00F90A44 /* SaveSystem.mm in Sources */,
			);
		};
		04E055E42EEA8D2C00F90A44 /* Sources */ = {
			isa = PBXSourcesBuildPhase;
			files = (
			);
		};
/* End PBXSourcesBuildPhase section */

/* Begin XCBuildConfiguration section */
		04E007132EEA738D00F90A44 /* Debug configuration for PBXProject "LiveWallpaper" */ = {
			isa = XCBuildConfiguration;
			buildSettings = {
				ALWAYS_SEARCH_USER_PATHS = NO;
				ASSETCATALOG_COMPILER_GENERATE_SWIFT_ASSET_SYMBOL_EXTENSIONS = YES;
				CLANG_ANALYZER_NONNULL = YES;
				CLANG_ANALYZER_NUMBER_OBJECT_CONVERSION = YES_AGGRESSIVE;
				CLANG_CXX_LANGUAGE_STANDARD = "gnu++20";
				CLANG_ENABLE_MODULES = YES;
				CLANG_ENABLE_OBJC_ARC = YES;
				CLANG_ENABLE_OBJC_WEAK = YES;
				CLANG_WARN_BLOCK_CAPTURE_AUTORELEASING = YES;
				CLANG_WARN_BOOL_CONVERSION = YES;
				CLANG_WARN_COMMA = YES;
				CLANG_WARN_CONSTANT_CONVERSION = YES;
				CLANG_WARN_DEPRECATED_OBJC_IMPLEMENTATIONS = YES;
				CLANG_WARN_DIRECT_OBJC_ISA_USAGE = YES_ERROR;
				CLANG_WARN_DOCUMENTATION_COMMENTS = YES;
				CLANG_WARN_EMPTY_BODY = YES;
				CLANG_WARN_ENUM_CONVERSION = YES;
				CLANG_WARN_INFINITE_RECURSION = YES;
				CLANG_WARN_INT_CONVERSION = YES;
				CLANG_WARN_NON_LITERAL_NULL_CONVERSION = YES;
				CLANG_WARN_OBJC_IMPLICIT_RETAIN_SELF = YES;
				CLANG_WARN_OBJC_LITERAL_CONVERSION = YES;
				CLANG_WARN_OBJC_ROOT_CLASS = YES_ERROR;
				CLANG_WARN_QUOTED_INCLUDE_IN_FRAMEWORK_HEADER = YES;
				CLANG_WARN_RANGE_LOOP_ANALYSIS = YES;
				CLANG_WARN_STRICT_PROTOTYPES = YES;
				CLANG_WARN_SUSPICIOUS_MOVE = YES;
				CLANG_WARN_UNGUARDED_AVAILABILITY = YES_AGGRESSIVE;
				CLANG_WARN_UNREACHABLE_CODE = YES;
				CLANG_WARN__DUPLICATE_METHOD_MATCH = YES;
				COPY_PHASE_STRIP = NO;
				DEBUG_INFORMATION_FORMAT = dwarf;
				DEVELOPMENT_TEAM = 44DJWYP5M6;
				ENABLE_STRICT_OBJC_MSGSEND = YES;
				ENABLE_TESTABILITY = YES;
				ENABLE_USER_SCRIPT_SANDBOXING = NO;
				GCC_C_LANGUAGE_STANDARD = gnu17;
				GCC_DYNAMIC_NO_PIC = NO;
				GCC_NO_COMMON_BLOCKS = YES;
				GCC_OPTIMIZATION_LEVEL = 0;
				GCC_PREPROCESSOR_DEFINITIONS = (
					"DEBUG=1",
					"$(inherited)",
				);
				GCC_WARN_64_TO_32_BIT_CONVERSION = YES;
				GCC_WARN_ABOUT_RETURN_TYPE = YES_ERROR;
				GCC_WARN_UNDECLARED_SELECTOR = YES;
				GCC_WARN_UNINITIALIZED_AUTOS = YES_AGGRESSIVE;
				GCC_WARN_UNUSED_FUNCTION = YES;
				GCC_WARN_UNUSED_VARIABLE = YES;
				LOCALIZATION_PREFERS_STRING_CATALOGS = YES;
				MACOSX_DEPLOYMENT_TARGET = 26.1;
				MTL_ENABLE_DEBUG_INFO = INCLUDE_SOURCE;
				MTL_FAST_MATH = YES;
				ONLY_ACTIVE_ARCH = YES;
				SDKROOT = macosx;
				SWIFT_ACTIVE_COMPILATION_CONDITIONS = "DEBUG $(inherited)";
				SWIFT_OPTIMIZATION_LEVEL = "-Onone";
			};
			name = Debug;
		};
		04E007142EEA738D00F90A44 /* Release configuration for PBXProject "LiveWallpaper" */ = {
			isa = XCBuildConfiguration;
			buildSettings = {
				ALWAYS_SEARCH_USER_PATHS = NO;
				ASSETCATALOG_COMPILER_GENERATE_SWIFT_ASSET_SYMBOL_EXTENSIONS = YES;
				CLANG_ANALYZER_NONNULL = YES;
				CLANG_ANALYZER_NUMBER_OBJECT_CONVERSION = YES_AGGRESSIVE;
				CLANG_CXX_LANGUAGE_STANDARD = "gnu++20";
				CLANG_ENABLE_MODULES = YES;
				CLANG_ENABLE_OBJC_ARC = YES;
				CLANG_ENABLE_OBJC_WEAK = YES;
				CLANG_WARN_BLOCK_CAPTURE_AUTORELEASING = YES;
				CLANG_WARN_BOOL_CONVERSION = YES;
				CLANG_WARN_COMMA = YES;
				CLANG_WARN_CONSTANT_CONVERSION = YES;
				CLANG_WARN_DEPRECATED_OBJC_IMPLEMENTATIONS = YES;
				CLANG_WARN_DIRECT_OBJC_ISA_USAGE = YES_ERROR;
				CLANG_WARN_DOCUMENTATION_COMMENTS = YES;
				CLANG_WARN_EMPTY_BODY = YES;
				CLANG_WARN_ENUM_CONVERSION = YES;
				CLANG_WARN_INFINITE_RECURSION = YES;
				CLANG_WARN_INT_CONVERSION = YES;
				CLANG_WARN_NON_LITERAL_NULL_CONVERSION = YES;
				CLANG_WARN_OBJC_IMPLICIT_RETAIN_SELF = YES;
				CLANG_WARN_OBJC_LITERAL_CONVERSION = YES;
				CLANG_WARN_OBJC_ROOT_CLASS = YES_ERROR;
				CLANG_WARN_QUOTED_INCLUDE_IN_FRAMEWORK_HEADER = YES;
				CLANG_WARN_RANGE_LOOP_ANALYSIS = YES;
				CLANG_WARN_STRICT_PROTOTYPES = YES;
				CLANG_WARN_SUSPICIOUS_MOVE = YES;
				CLANG_WARN_UNGUARDED_AVAILABILITY = YES_AGGRESSIVE;
				CLANG_WARN_UNREACHABLE_CODE = YES;
				CLANG_WARN__DUPLICATE_METHOD_MATCH = YES;
				COPY_PHASE_STRIP = NO;
				DEBUG_INFORMATION_FORMAT = "dwarf-with-dsym";
				DEVELOPMENT_TEAM = 44DJWYP5M6;
				ENABLE_NS_ASSERTIONS = NO;
				ENABLE_STRICT_OBJC_MSGSEND = YES;
				ENABLE_USER_SCRIPT_SANDBOXING = NO;
				GCC_C_LANGUAGE_STANDARD = gnu17;
				GCC_NO_COMMON_BLOCKS = YES;
				GCC_WARN_64_TO_32_BIT_CONVERSION = YES;
				GCC_WARN_ABOUT_RETURN_TYPE = YES_ERROR;
				GCC_WARN_UNDECLARED_SELECTOR = YES;
				GCC_WARN_UNINITIALIZED_AUTOS = YES_AGGRESSIVE;
				GCC_WARN_UNUSED_FUNCTION = YES;
				GCC_WARN_UNUSED_VARIABLE = YES;
				LOCALIZATION_PREFERS_STRING_CATALOGS = YES;
				MACOSX_DEPLOYMENT_TARGET = 26.1;
				MTL_ENABLE_DEBUG_INFO = NO;
				MTL_FAST_MATH = YES;
				SDKROOT = macosx;
				SWIFT_COMPILATION_MODE = wholemodule;
			};
			name = Release;
		};
		04E007162EEA738D00F90A44 /* Debug configuration for PBXNativeTarget "LiveWallpaper" */ = {
			isa = XCBuildConfiguration;
			buildSettings = {
				ASSETCATALOG_COMPILER_APPICON_NAME = AppIcon;
				ASSETCATALOG_COMPILER_GLOBAL_ACCENT_COLOR_NAME = AccentColor;
				AUTOMATION_APPLE_EVENTS = NO;
				"CODE_SIGN_IDENTITY[sdk=macosx*]" = "Apple Development";
				CODE_SIGN_STYLE = Automatic;
				COMBINE_HIDPI_IMAGES = YES;
				CURRENT_PROJECT_VERSION = 1;
				DEVELOPMENT_TEAM = 44DJWYP5M6;
				ENABLE_APP_SANDBOX = NO;
				ENABLE_HARDENED_RUNTIME = NO;
				ENABLE_PREVIEWS = YES;
				ENABLE_RESOURCE_ACCESS_PHOTO_LIBRARY = NO;
				GENERATE_INFOPLIST_FILE = YES;
				HEADER_SEARCH_PATHS = "$(SRCROOT)/vendor/yaml-cpp/include";
				INFOPLIST_KEY_LSApplicationCategoryType = "public.app-category.utilities";
				INFOPLIST_KEY_NSAppleEventsUsageDescription = "";
				INFOPLIST_KEY_NSHumanReadableCopyright = "";
				LD_RUNPATH_SEARCH_PATHS = (
					"$(inherited)",
					"@executable_path/../Frameworks",
				);
				LIBRARY_SEARCH_PATHS = (
					"$(inherited)",
					"$(PROJECT_DIR)/build/vendor/yaml-cpp",
					"$(PROJECT_DIR)",
				);
				MACOSX_DEPLOYMENT_TARGET = 26.0;
				MARKETING_VERSION = 2.0;
				ONLY_ACTIVE_ARCH = NO;
				PRODUCT_BUNDLE_IDENTIFIER = com.thusvill.LiveWallpaper;
				PRODUCT_NAME = "$(TARGET_NAME)";
				REGISTER_APP_GROUPS = YES;
				RUNTIME_EXCEPTION_ALLOW_DYLD_ENVIRONMENT_VARIABLES = NO;
				RUNTIME_EXCEPTION_ALLOW_JIT = NO;
				RUNTIME_EXCEPTION_ALLOW_UNSIGNED_EXECUTABLE_MEMORY = NO;
				RUNTIME_EXCEPTION_DEBUGGING_TOOL = NO;
				RUNTIME_EXCEPTION_DISABLE_EXECUTABLE_PAGE_PROTECTION = NO;
				RUNTIME_EXCEPTION_DISABLE_LIBRARY_VALIDATION = NO;
				STRING_CATALOG_GENERATE_SYMBOLS = YES;
				SWIFT_APPROACHABLE_CONCURRENCY = YES;
				SWIFT_DEFAULT_ACTOR_ISOLATION = MainActor;
				SWIFT_EMIT_LOC_STRINGS = YES;
				SWIFT_OBJC_BRIDGING_HEADER = "$(PROJECT_DIR)/LiveWallpaper-Bridging-Header.h";
				SWIFT_OBJC_INTEROP_MODE = objcxx;
				SWIFT_UPCOMING_FEATURE_MEMBER_IMPORT_VISIBILITY = YES;
				SWIFT_VERSION = 5.0;
			};
			name = Debug;
		};
		04E007172EEA738D00F90A44 /* Release configuration for PBXNativeTarget "LiveWallpaper" */ = {
			isa = XCBuildConfiguration;
			buildSettings = {
				ASSETCATALOG_COMPILER_APPICON_NAME = AppIcon;
				ASSETCATALOG_COMPILER_GLOBAL_ACCENT_COLOR_NAME = AccentColor;
				AUTOMATION_APPLE_EVENTS = NO;
				"CODE_SIGN_IDENTITY[sdk=macosx*]" = "Apple Development";
				CODE_SIGN_STYLE = Automatic;
				COMBINE_HIDPI_IMAGES = YES;
				CURRENT_PROJECT_VERSION = 1;
				DEVELOPMENT_TEAM = 44DJWYP5M6;
				ENABLE_APP_SANDBOX = NO;
				ENABLE_HARDENED_RUNTIME = NO;
				ENABLE_PREVIEWS = YES;
				ENABLE_RESOURCE_ACCESS_PHOTO_LIBRARY = NO;
				GENERATE_INFOPLIST_FILE = YES;
				HEADER_SEARCH_PATHS = "$(SRCROOT)/vendor/yaml-cpp/include";
				INFOPLIST_KEY_LSApplicationCategoryType = "public.app-category.utilities";
				INFOPLIST_KEY_NSAppleEventsUsageDescription = "";
				INFOPLIST_KEY_NSHumanReadableCopyright = "";
				LD_RUNPATH_SEARCH_PATHS = (
					"$(inherited)",
					"@executable_path/../Frameworks",
				);
				LIBRARY_SEARCH_PATHS = (
					"$(inherited)",
					"$(PROJECT_DIR)/build/vendor/yaml-cpp",
					"$(PROJECT_DIR)",
				);
				MACOSX_DEPLOYMENT_TARGET = 26.0;
				MARKETING_VERSION = 2.0;
				ONLY_ACTIVE_ARCH = NO;
				PRODUCT_BUNDLE_IDENTIFIER = com.thusvill.LiveWallpaper;
				PRODUCT_NAME = "$(TARGET_NAME)";
				REGISTER_APP_GROUPS = YES;
				RUNTIME_EXCEPTION_ALLOW_DYLD_ENVIRONMENT_VARIABLES = NO;
				RUNTIME_EXCEPTION_ALLOW_JIT = NO;
				RUNTIME_EXCEPTION_ALLOW_UNSIGNED_EXECUTABLE_MEMORY = NO;
				RUNTIME_EXCEPTION_DEBUGGING_TOOL = NO;
				RUNTIME_EXCEPTION_DISABLE_EXECUTABLE_PAGE_PROTECTION = NO;
				RUNTIME_EXCEPTION_DISABLE_LIBRARY_VALIDATION = NO;
				STRING_CATALOG_GENERATE_SYMBOLS = YES;
				SWIFT_APPROACHABLE_CONCURRENCY = YES;
				SWIFT_DEFAULT_ACTOR_ISOLATION = MainActor;
				SWIFT_EMIT_LOC_STRINGS = YES;
				SWIFT_OBJC_BRIDGING_HEADER = "$(PROJECT_DIR)/LiveWallpaper-Bridging-Header.h";
				SWIFT_OBJC_INTEROP_MODE = objcxx;
				SWIFT_UPCOMING_FEATURE_MEMBER_IMPORT_VISIBILITY = YES;
				SWIFT_VERSION = 5.0;
			};
			name = Release;
		};
		04E055ED2EEA8D2C00F90A44 /* Debug configuration for PBXNativeTarget "wallpaperdaemon" */ = {
			isa = XCBuildConfiguration;
			buildSettings = {
				AUTOMATION_APPLE_EVENTS = NO;
				"CODE_SIGN_IDENTITY[sdk=macosx*]" = "-";
				CODE_SIGN_STYLE = Automatic;
				DEVELOPMENT_TEAM = 44DJWYP5M6;
				ENABLE_HARDENED_RUNTIME = NO;
				ENABLE_RESOURCE_ACCESS_AUDIO_INPUT = NO;
				ENABLE_RESOURCE_ACCESS_CALENDARS = NO;
				ENABLE_RESOURCE_ACCESS_CAMERA = NO;
				ENABLE_RESOURCE_ACCESS_CONTACTS = NO;
				ENABLE_RESOURCE_ACCESS_LOCATION = NO;
				ENABLE_RESOURCE_ACCESS_PHOTO_LIBRARY = NO;
				MACOSX_DEPLOYMENT_TARGET = 15.6;
				PRODUCT_BUNDLE_IDENTIFIER = com.thusvill.LiveWallpaper;
				"PRODUCT_BUNDLE_IDENTIFIER[sdk=macosx*]" = com.thusvill.Livewallpaper;
				PRODUCT_NAME = "$(TARGET_NAME)";
				RUNTIME_EXCEPTION_ALLOW_DYLD_ENVIRONMENT_VARIABLES = NO;
				RUNTIME_EXCEPTION_ALLOW_JIT = NO;
				RUNTIME_EXCEPTION_ALLOW_UNSIGNED_EXECUTABLE_MEMORY = NO;
				RUNTIME_EXCEPTION_DEBUGGING_TOOL = NO;
				RUNTIME_EXCEPTION_DISABLE_EXECUTABLE_PAGE_PROTECTION = NO;
				RUNTIME_EXCEPTION_DISABLE_LIBRARY_VALIDATION = NO;
			};
			name = Debug;
		};
		04E055EE2EEA8D2C00F90A44 /* Release configuration for PBXNativeTarget "wallpaperdaemon" */ = {
			isa = XCBuildConfiguration;
			buildSettings = {
				AUTOMATION_APPLE_EVENTS = NO;
				"CODE_SIGN_IDENTITY[sdk=macosx*]" = "-";
				CODE_SIGN_STYLE = Automatic;
				DEVELOPMENT_TEAM = 44DJWYP5M6;
				ENABLE_HARDENED_RUNTIME = NO;
				ENABLE_RESOURCE_ACCESS_AUDIO_INPUT = NO;
				ENABLE_RESOURCE_ACCESS_CALENDARS = NO;
				ENABLE_RESOURCE_ACCESS_CAMERA = NO;
				ENABLE_RESOURCE_ACCESS_CONTACTS = NO;
				ENABLE_RESOURCE_ACCESS_LOCATION = NO;
				ENABLE_RESOURCE_ACCESS_PHOTO_LIBRARY = NO;
				MACOSX_DEPLOYMENT_TARGET = 15.6;
				PRODUCT_BUNDLE_IDENTIFIER = com.thusvill.LiveWallpaper;
				"PRODUCT_BUNDLE_IDENTIFIER[sdk=macosx*]" = com.thusvill.Livewallpaper;
				PRODUCT_NAME = "$(TARGET_NAME)";
				RUNTIME_EXCEPTION_ALLOW_DYLD_ENVIRONMENT_VARIABLES = NO;
				RUNTIME_EXCEPTION_ALLOW_JIT = NO;
				RUNTIME_EXCEPTION_ALLOW_UNSIGNED_EXECUTABLE_MEMORY = NO;
				RUNTIME_EXCEPTION_DEBUGGING_TOOL = NO;
				RUNTIME_EXCEPTION_DISABLE_EXECUTABLE_PAGE_PROTECTION = NO;
				RUNTIME_EXCEPTION_DISABLE_LIBRARY_VALIDATION = NO;
			};
			name = Release;
		};
/* End XCBuildConfiguration section */

/* Begin XCConfigurationList section */
		04E007052EEA738C00F90A44 /* Build configuration list for PBXProject "LiveWallpaper" */ = {
			isa = XCConfigurationList;
			buildConfigurations = (
				04E007132EEA738D00F90A44 /* Debug configuration for PBXProject "LiveWallpaper" */,
				04E007142EEA738D00F90A44 /* Release configuration for PBXProject "LiveWallpaper" */,
			);
			defaultConfigurationName = Release;
		};
		04E007152EEA738D00F90A44 /* Build configuration list for PBXNativeTarget "LiveWallpaper" */ = {
			isa = XCConfigurationList;
			buildConfigurations = (
				04E007162EEA738D00F90A44 /* Debug configuration for PBXNativeTarget "LiveWallpaper" */,
				04E007172EEA738D00F90A44 /* Release configuration for PBXNativeTarget "LiveWallpaper" */,
			);
			defaultConfigurationName = Release;
		};
		04E055EC2EEA8D2C00F90A44 /* Build configuration list for PBXNativeTarget "wallpaperdaemon" */ = {
			isa = XCConfigurationList;
			buildConfigurations = (
				04E055ED2EEA8D2C00F90A44 /* Debug configuration for PBXNativeTarget "wallpaperdaemon" */,
				04E055EE2EEA8D2C00F90A44 /* Release configuration for PBXNativeTarget "wallpaperdaemon" */,
			);
			defaultConfigurationName = Release;
		};
/* End XCConfigurationList section */
	};
	rootObject = 04E007022EEA738C00F90A44 /* Project object */;
}
